{
  "name": "temporal-playground",
  "version": "1.0.0",
  "lockfileVersion": 1,
  "requires": true,
  "dependencies": {
    "temporal-polyfill": {
      "version": "0.0.7",
      "resolved": "https://registry.npmjs.org/temporal-polyfill/-/temporal-polyfill-0.0.7.tgz",
      "integrity": "sha512-GMPmZt+ubSFrtG8ER4JkTN8gF3aiKr4on2zbuu+Iyg9e5nIMFuqJOmLRo7pJz0dufmIUmQt55vGqLlf1DcqDNg==",
      "requires": {
        "temporal-spec": "0.0.2"
      }
    },
    "temporal-spec": {
      "version": "0.0.2",
      "resolved": "https://registry.npmjs.org/temporal-spec/-/temporal-spec-0.0.2.tgz",
      "integrity": "sha512-eyvI20a6J6gb2zSVkKZGg/0QGiMPMte3ty9dOg3WpveQfcBpgiyqthJ3KM2xzis1WvPaSO2OAh5u2wnu7EOd7g=="
    }
  }
}
